
Microsoft Visual Studio Solution File, Format Version 12.00
# Visual Studio Version 17
VisualStudioVersion = 17.3.32825.248
MinimumVisualStudioVersion = 10.0.40219.1
Project("{9A19103F-16F7-4668-BE54-9A1E7A4F7556}") = "Views", "BRS\Views.csproj", "{52FFD0B7-8302-40FB-AF06-F8487FB88F7A}"
	ProjectSection(ProjectDependencies) = postProject
		{52472C9D-5321-4DD5-9023-1B1A017046BE} = {52472C9D-5321-4DD5-9023-1B1A017046BE}
	EndProjectSection
EndProject
Project("{9A19103F-16F7-4668-BE54-9A1E7A4F7556}") = "Models", "Models\Models.csproj", "{0D531B75-2DC7-4F7C-863E-8D32A36063F7}"
EndProject
Project("{9A19103F-16F7-4668-BE54-9A1E7A4F7556}") = "Controllers", "Controllers\Controllers.csproj", "{39C0C696-4A9D-406E-AF64-467AF410C60D}"
	ProjectSection(ProjectDependencies) = postProject
		{52472C9D-5321-4DD5-9023-1B1A017046BE} = {52472C9D-5321-4DD5-9023-1B1A017046BE}
	EndProjectSection
EndProject
Project("{9A19103F-16F7-4668-BE54-9A1E7A4F7556}") = "Database", "Database\Database.csproj", "{C0F91CF3-E6D3-4200-9715-C116C97B16C9}"
EndProject
Project("{9A19103F-16F7-4668-BE54-9A1E7A4F7556}") = "Mail", "Mail\Mail.csproj", "{BD798B31-4EE4-4B25-8F93-C25BD18395CD}"
EndProject
Project("{9A19103F-16F7-4668-BE54-9A1E7A4F7556}") = "Sunrise", "Sunrise\Sunrise.csproj", "{D85DFE83-25B6-466D-804D-E167C5DF46B0}"
EndProject
Project("{9A19103F-16F7-4668-BE54-9A1E7A4F7556}") = "Forecast", "Forecast\Forecast.csproj", "{882E536C-6F00-4D18-BCDD-06648F741177}"
EndProject
Project("{9A19103F-16F7-4668-BE54-9A1E7A4F7556}") = "Utilities", "Utilities\Utilities.csproj", "{52472C9D-5321-4DD5-9023-1B1A017046BE}"
EndProject
Project("{FAE04EC0-301F-11D3-BF4B-00C04F79EFBC}") = "Charts.WPF", "Charts.WPF\Charts.WPF.csproj", "{873EF590-4233-477C-AA13-B20B7932AE8E}"
EndProject
Project("{9A19103F-16F7-4668-BE54-9A1E7A4F7556}") = "UnitTests Utilities", "UnitTests Utilities\UnitTests Utilities.csproj", "{28A758D9-EF68-4FDD-AC5D-43A6CAB8BF68}"
EndProject
Global
	GlobalSection(SolutionConfigurationPlatforms) = preSolution
		Debug|Any CPU = Debug|Any CPU
		Debug|x64 = Debug|x64
		Release|Any CPU = Release|Any CPU
		Release|x64 = Release|x64
	EndGlobalSection
	GlobalSection(ProjectConfigurationPlatforms) = postSolution
		{52FFD0B7-8302-40FB-AF06-F8487FB88F7A}.Debug|Any CPU.ActiveCfg = Debug|Any CPU
		{52FFD0B7-8302-40FB-AF06-F8487FB88F7A}.Debug|Any CPU.Build.0 = Debug|Any CPU
		{52FFD0B7-8302-40FB-AF06-F8487FB88F7A}.Debug|x64.ActiveCfg = Debug|Any CPU
		{52FFD0B7-8302-40FB-AF06-F8487FB88F7A}.Debug|x64.Build.0 = Debug|Any CPU
		{52FFD0B7-8302-40FB-AF06-F8487FB88F7A}.Release|Any CPU.ActiveCfg = Release|Any CPU
		{52FFD0B7-8302-40FB-AF06-F8487FB88F7A}.Release|Any CPU.Build.0 = Release|Any CPU
		{52FFD0B7-8302-40FB-AF06-F8487FB88F7A}.Release|x64.ActiveCfg = Release|Any CPU
		{52FFD0B7-8302-40FB-AF06-F8487FB88F7A}.Release|x64.Build.0 = Release|Any CPU
		{0D531B75-2DC7-4F7C-863E-8D32A36063F7}.Debug|Any CPU.ActiveCfg = Debug|Any CPU
		{0D531B75-2DC7-4F7C-863E-8D32A36063F7}.Debug|Any CPU.Build.0 = Debug|Any CPU
		{0D531B75-2DC7-4F7C-863E-8D32A36063F7}.Debug|x64.ActiveCfg = Debug|Any CPU
		{0D531B75-2DC7-4F7C-863E-8D32A36063F7}.Debug|x64.Build.0 = Debug|Any CPU
		{0D531B75-2DC7-4F7C-863E-8D32A36063F7}.Release|Any CPU.ActiveCfg = Release|Any CPU
		{0D531B75-2DC7-4F7C-863E-8D32A36063F7}.Release|Any CPU.Build.0 = Release|Any CPU
		{0D531B75-2DC7-4F7C-863E-8D32A36063F7}.Release|x64.ActiveCfg = Release|Any CPU
		{0D531B75-2DC7-4F7C-863E-8D32A36063F7}.Release|x64.Build.0 = Release|Any CPU
		{39C0C696-4A9D-406E-AF64-467AF410C60D}.Debug|Any CPU.ActiveCfg = Debug|Any CPU
		{39C0C696-4A9D-406E-AF64-467AF410C60D}.Debug|Any CPU.Build.0 = Debug|Any CPU
		{39C0C696-4A9D-406E-AF64-467AF410C60D}.Debug|x64.ActiveCfg = Debug|Any CPU
		{39C0C696-4A9D-406E-AF64-467AF410C60D}.Debug|x64.Build.0 = Debug|Any CPU
		{39C0C696-4A9D-406E-AF64-467AF410C60D}.Release|Any CPU.ActiveCfg = Release|Any CPU
		{39C0C696-4A9D-406E-AF64-467AF410C60D}.Release|Any CPU.Build.0 = Release|Any CPU
		{39C0C696-4A9D-406E-AF64-467AF410C60D}.Release|x64.ActiveCfg = Release|Any CPU
		{39C0C696-4A9D-406E-AF64-467AF410C60D}.Release|x64.Build.0 = Release|Any CPU
		{C0F91CF3-E6D3-4200-9715-C116C97B16C9}.Debug|Any CPU.ActiveCfg = Debug|Any CPU
		{C0F91CF3-E6D3-4200-9715-C116C97B16C9}.Debug|Any CPU.Build.0 = Debug|Any CPU
		{C0F91CF3-E6D3-4200-9715-C116C97B16C9}.Debug|x64.ActiveCfg = Debug|Any CPU
		{C0F91CF3-E6D3-4200-9715-C116C97B16C9}.Debug|x64.Build.0 = Debug|Any CPU
		{C0F91CF3-E6D3-4200-9715-C116C97B16C9}.Release|Any CPU.ActiveCfg = Release|Any CPU
		{C0F91CF3-E6D3-4200-9715-C116C97B16C9}.Release|Any CPU.Build.0 = Release|Any CPU
		{C0F91CF3-E6D3-4200-9715-C116C97B16C9}.Release|x64.ActiveCfg = Release|Any CPU
		{C0F91CF3-E6D3-4200-9715-C116C97B16C9}.Release|x64.Build.0 = Release|Any CPU
		{BD798B31-4EE4-4B25-8F93-C25BD18395CD}.Debug|Any CPU.ActiveCfg = Debug|Any CPU
		{BD798B31-4EE4-4B25-8F93-C25BD18395CD}.Debug|Any CPU.Build.0 = Debug|Any CPU
		{BD798B31-4EE4-4B25-8F93-C25BD18395CD}.Debug|x64.ActiveCfg = Debug|Any CPU
		{BD798B31-4EE4-4B25-8F93-C25BD18395CD}.Debug|x64.Build.0 = Debug|Any CPU
		{BD798B31-4EE4-4B25-8F93-C25BD18395CD}.Release|Any CPU.ActiveCfg = Release|Any CPU
		{BD798B31-4EE4-4B25-8F93-C25BD18395CD}.Release|Any CPU.Build.0 = Release|Any CPU
		{BD798B31-4EE4-4B25-8F93-C25BD18395CD}.Release|x64.ActiveCfg = Release|Any CPU
		{BD798B31-4EE4-4B25-8F93-C25BD18395CD}.Release|x64.Build.0 = Release|Any CPU
		{D85DFE83-25B6-466D-804D-E167C5DF46B0}.Debug|Any CPU.ActiveCfg = Debug|Any CPU
		{D85DFE83-25B6-466D-804D-E167C5DF46B0}.Debug|Any CPU.Build.0 = Debug|Any CPU
		{D85DFE83-25B6-466D-804D-E167C5DF46B0}.Debug|x64.ActiveCfg = Debug|Any CPU
		{D85DFE83-25B6-466D-804D-E167C5DF46B0}.Debug|x64.Build.0 = Debug|Any CPU
		{D85DFE83-25B6-466D-804D-E167C5DF46B0}.Release|Any CPU.ActiveCfg = Release|Any CPU
		{D85DFE83-25B6-466D-804D-E167C5DF46B0}.Release|Any CPU.Build.0 = Release|Any CPU
		{D85DFE83-25B6-466D-804D-E167C5DF46B0}.Release|x64.ActiveCfg = Release|Any CPU
		{D85DFE83-25B6-466D-804D-E167C5DF46B0}.Release|x64.Build.0 = Release|Any CPU
		{882E536C-6F00-4D18-BCDD-06648F741177}.Debug|Any CPU.ActiveCfg = Debug|Any CPU
		{882E536C-6F00-4D18-BCDD-06648F741177}.Debug|Any CPU.Build.0 = Debug|Any CPU
		{882E536C-6F00-4D18-BCDD-06648F741177}.Debug|x64.ActiveCfg = Debug|Any CPU
		{882E536C-6F00-4D18-BCDD-06648F741177}.Debug|x64.Build.0 = Debug|Any CPU
		{882E536C-6F00-4D18-BCDD-06648F741177}.Release|Any CPU.ActiveCfg = Release|Any CPU
		{882E536C-6F00-4D18-BCDD-06648F741177}.Release|Any CPU.Build.0 = Release|Any CPU
		{882E536C-6F00-4D18-BCDD-06648F741177}.Release|x64.ActiveCfg = Release|Any CPU
		{882E536C-6F00-4D18-BCDD-06648F741177}.Release|x64.Build.0 = Release|Any CPU
		{52472C9D-5321-4DD5-9023-1B1A017046BE}.Debug|Any CPU.ActiveCfg = Debug|Any CPU
		{52472C9D-5321-4DD5-9023-1B1A017046BE}.Debug|Any CPU.Build.0 = Debug|Any CPU
		{52472C9D-5321-4DD5-9023-1B1A017046BE}.Debug|x64.ActiveCfg = Debug|Any CPU
		{52472C9D-5321-4DD5-9023-1B1A017046BE}.Debug|x64.Build.0 = Debug|Any CPU
		{52472C9D-5321-4DD5-9023-1B1A017046BE}.Release|Any CPU.ActiveCfg = Release|Any CPU
		{52472C9D-5321-4DD5-9023-1B1A017046BE}.Release|Any CPU.Build.0 = Release|Any CPU
		{52472C9D-5321-4DD5-9023-1B1A017046BE}.Release|x64.ActiveCfg = Release|Any CPU
		{52472C9D-5321-4DD5-9023-1B1A017046BE}.Release|x64.Build.0 = Release|Any CPU
		{873EF590-4233-477C-AA13-B20B7932AE8E}.Debug|Any CPU.ActiveCfg = Debug|Any CPU
		{873EF590-4233-477C-AA13-B20B7932AE8E}.Debug|Any CPU.Build.0 = Debug|Any CPU
		{873EF590-4233-477C-AA13-B20B7932AE8E}.Debug|x64.ActiveCfg = Debug|x64
		{873EF590-4233-477C-AA13-B20B7932AE8E}.Debug|x64.Build.0 = Debug|x64
		{873EF590-4233-477C-AA13-B20B7932AE8E}.Release|Any CPU.ActiveCfg = Release|Any CPU
		{873EF590-4233-477C-AA13-B20B7932AE8E}.Release|Any CPU.Build.0 = Release|Any CPU
		{873EF590-4233-477C-AA13-B20B7932AE8E}.Release|x64.ActiveCfg = Release|x64
		{873EF590-4233-477C-AA13-B20B7932AE8E}.Release|x64.Build.0 = Release|x64
		{28A758D9-EF68-4FDD-AC5D-43A6CAB8BF68}.Debug|Any CPU.ActiveCfg = Debug|Any CPU
		{28A758D9-EF68-4FDD-AC5D-43A6CAB8BF68}.Debug|Any CPU.Build.0 = Debug|Any CPU
		{28A758D9-EF68-4FDD-AC5D-43A6CAB8BF68}.Debug|x64.ActiveCfg = Debug|Any CPU
		{28A758D9-EF68-4FDD-AC5D-43A6CAB8BF68}.Debug|x64.Build.0 = Debug|Any CPU
		{28A758D9-EF68-4FDD-AC5D-43A6CAB8BF68}.Release|Any CPU.ActiveCfg = Release|Any CPU
		{28A758D9-EF68-4FDD-AC5D-43A6CAB8BF68}.Release|Any CPU.Build.0 = Release|Any CPU
		{28A758D9-EF68-4FDD-AC5D-43A6CAB8BF68}.Release|x64.ActiveCfg = Release|Any CPU
		{28A758D9-EF68-4FDD-AC5D-43A6CAB8BF68}.Release|x64.Build.0 = Release|Any CPU
	EndGlobalSection
	GlobalSection(SolutionProperties) = preSolution
		HideSolutionNode = FALSE
	EndGlobalSection
	GlobalSection(ExtensibilityGlobals) = postSolution
		SolutionGuid = {3D839ED7-19D7-4D32-B10A-0313F6EB16D1}
	EndGlobalSection
EndGlobal
